
Microsoft Visual Studio Solution File, Format Version 12.00
# Visual Studio Version 16
VisualStudioVersion = 16.0.29102.190
MinimumVisualStudioVersion = 10.0.40219.1
Project("{9A19103F-16F7-4668-BE54-9A1E7A4F7556}") = "AUrlHelper", "AUrlHelper.csproj", "{1CFF50EB-2E41-420B-868F-6DA1DE4B0041}"
EndProject
Global
	GlobalSection(SolutionConfigurationPlatforms) = preSolution
		Debug|Any CPU = Debug|Any CPU
		Release|Any CPU = Release|Any CPU
	EndGlobalSection
	GlobalSection(ProjectConfigurationPlatforms) = postSolution
		{1CFF50EB-2E41-420B-868F-6DA1DE4B0041}.Debug|Any CPU.ActiveCfg = Debug|Any CPU
		{1CFF50EB-2E41-420B-868F-6DA1DE4B0041}.Debug|Any CPU.Build.0 = Debug|Any CPU
		{1CFF50EB-2E41-420B-868F-6DA1DE4B0041}.Release|Any CPU.ActiveCfg = Release|Any CPU
		{1CFF50EB-2E41-420B-868F-6DA1DE4B0041}.Release|Any CPU.Build.0 = Release|Any CPU
	EndGlobalSection
	GlobalSection(SolutionProperties) = preSolution
		HideSolutionNode = FALSE
	EndGlobalSection
	GlobalSection(ExtensibilityGlobals) = postSolution
		SolutionGuid = {E023BA63-98DF-4A70-9A10-69FD11ADC5BA}
	EndGlobalSection
EndGlobal
